
Microsoft Visual Studio Solution File, Format Version 12.00
# Visual Studio Version 18
VisualStudioVersion = 18.6.11822.322
MinimumVisualStudioVersion = 10.0.40219.1
Project("{FAE04EC0-301F-11D3-BF4B-00C04F79EFBC}") = "PlutoFramework", "realXmarketPlutoFramework\PlutoFramework\PlutoFramework.csproj", "{9FDC953E-9BAB-F54E-E986-128C15FAE91D}"
EndProject
Project("{FAE04EC0-301F-11D3-BF4B-00C04F79EFBC}") = "PlutoFrameworkTests", "realXmarketPlutoFramework\PlutoFrameworkTests\PlutoFrameworkTests.csproj", "{D6F04A0E-76E5-7238-CFA2-EFAE1B123301}"
EndProject
Project("{FAE04EC0-301F-11D3-BF4B-00C04F79EFBC}") = "UniqueryPlus", "realXmarketPlutoFramework\UniqueryPlus\UniqueryPlus.csproj", "{690A4D26-67AD-303D-A860-DE3DFD594A2E}"
EndProject
Project("{FAE04EC0-301F-11D3-BF4B-00C04F79EFBC}") = "UniqueryPlusTests", "realXmarketPlutoFramework\UniqueryPlusTests\UniqueryPlusTests.csproj", "{D30C97DB-F229-8965-D7BA-F69DFFEBCBB4}"
EndProject
Project("{FAE04EC0-301F-11D3-BF4B-00C04F79EFBC}") = "XcavateMobileApp", "XcavateMobileApp\XcavateMobileApp.csproj", "{6FF3A1AC-FD6B-07B1-2B06-9E36E89C68F9}"
EndProject
Project("{2150E333-8FDC-42A3-9474-1A3956D46DE8}") = "Indexers", "Indexers", "{B3A9988C-133C-4860-B916-49DA10922F6D}"
EndProject
Project("{FAE04EC0-301F-11D3-BF4B-00C04F79EFBC}") = "XcavateSubquery", "realXmarketPlutoFramework\Indexers\XcavateSubquery\XcavateSubquery.csproj", "{3FCC1BD1-D117-FD58-5C69-D6FE2CDE4F6E}"
EndProject
Project("{FAE04EC0-301F-11D3-BF4B-00C04F79EFBC}") = "PlutoFrameworkCore", "realXmarketPlutoFramework\PlutoFrameworkCore\PlutoFrameworkCore.csproj", "{A79879A0-7892-416B-ADB7-0A7B530B88FA}"
EndProject
Project("{FAE04EC0-301F-11D3-BF4B-00C04F79EFBC}") = "XcavateIndexer", "realXmarketPlutoFramework\Indexers\XcavateIndexer\XcavateIndexer.csproj", "{EB096AF4-3061-41C2-76B3-119DABD89FD8}"
EndProject
Project("{FAE04EC0-301F-11D3-BF4B-00C04F79EFBC}") = "XcavateDevnetIndexer", "realXmarketPlutoFramework\Indexers\XcavateDevnetIndexer\XcavateDevnetIndexer.csproj", "{9EB57FEB-A3EF-4794-95AC-D7DDBC629638}"
EndProject
Project("{FAE04EC0-301F-11D3-BF4B-00C04F79EFBC}") = "Substrate.NET.Wallet", "realXmarketPlutoFramework\Substrate.NET.Wallet\Substrate.NET.Wallet\Substrate.NET.Wallet.csproj", "{EFECA8DF-BA16-30A0-8B4B-C6EAEC16C933}"
EndProject
Global
	GlobalSection(SolutionConfigurationPlatforms) = preSolution
		Debug|Any CPU = Debug|Any CPU
		Release|Any CPU = Release|Any CPU
	EndGlobalSection
	GlobalSection(ProjectConfigurationPlatforms) = postSolution
		{9FDC953E-9BAB-F54E-E986-128C15FAE91D}.Debug|Any CPU.ActiveCfg = Debug|Any CPU
		{9FDC953E-9BAB-F54E-E986-128C15FAE91D}.Debug|Any CPU.Build.0 = Debug|Any CPU
		{9FDC953E-9BAB-F54E-E986-128C15FAE91D}.Release|Any CPU.ActiveCfg = Release|Any CPU
		{9FDC953E-9BAB-F54E-E986-128C15FAE91D}.Release|Any CPU.Build.0 = Release|Any CPU
		{D6F04A0E-76E5-7238-CFA2-EFAE1B123301}.Debug|Any CPU.ActiveCfg = Debug|Any CPU
		{D6F04A0E-76E5-7238-CFA2-EFAE1B123301}.Debug|Any CPU.Build.0 = Debug|Any CPU
		{D6F04A0E-76E5-7238-CFA2-EFAE1B123301}.Release|Any CPU.ActiveCfg = Release|Any CPU
		{D6F04A0E-76E5-7238-CFA2-EFAE1B123301}.Release|Any CPU.Build.0 = Release|Any CPU
		{690A4D26-67AD-303D-A860-DE3DFD594A2E}.Debug|Any CPU.ActiveCfg = Debug|Any CPU
		{690A4D26-67AD-303D-A860-DE3DFD594A2E}.Debug|Any CPU.Build.0 = Debug|Any CPU
		{690A4D26-67AD-303D-A860-DE3DFD594A2E}.Release|Any CPU.ActiveCfg = Release|Any CPU
		{690A4D26-67AD-303D-A860-DE3DFD594A2E}.Release|Any CPU.Build.0 = Release|Any CPU
		{D30C97DB-F229-8965-D7BA-F69DFFEBCBB4}.Debug|Any CPU.ActiveCfg = Debug|Any CPU
		{D30C97DB-F229-8965-D7BA-F69DFFEBCBB4}.Debug|Any CPU.Build.0 = Debug|Any CPU
		{D30C97DB-F229-8965-D7BA-F69DFFEBCBB4}.Release|Any CPU.ActiveCfg = Release|Any CPU
		{D30C97DB-F229-8965-D7BA-F69DFFEBCBB4}.Release|Any CPU.Build.0 = Release|Any CPU
		{6FF3A1AC-FD6B-07B1-2B06-9E36E89C68F9}.Debug|Any CPU.ActiveCfg = Debug|Any CPU
		{6FF3A1AC-FD6B-07B1-2B06-9E36E89C68F9}.Debug|Any CPU.Build.0 = Debug|Any CPU
		{6FF3A1AC-FD6B-07B1-2B06-9E36E89C68F9}.Debug|Any CPU.Deploy.0 = Debug|Any CPU
		{6FF3A1AC-FD6B-07B1-2B06-9E36E89C68F9}.Release|Any CPU.ActiveCfg = Release|Any CPU
		{6FF3A1AC-FD6B-07B1-2B06-9E36E89C68F9}.Release|Any CPU.Build.0 = Release|Any CPU
		{6FF3A1AC-FD6B-07B1-2B06-9E36E89C68F9}.Release|Any CPU.Deploy.0 = Release|Any CPU
		{3FCC1BD1-D117-FD58-5C69-D6FE2CDE4F6E}.Debug|Any CPU.ActiveCfg = Debug|Any CPU
		{3FCC1BD1-D117-FD58-5C69-D6FE2CDE4F6E}.Debug|Any CPU.Build.0 = Debug|Any CPU
		{3FCC1BD1-D117-FD58-5C69-D6FE2CDE4F6E}.Release|Any CPU.ActiveCfg = Release|Any CPU
		{3FCC1BD1-D117-FD58-5C69-D6FE2CDE4F6E}.Release|Any CPU.Build.0 = Release|Any CPU
		{A79879A0-7892-416B-ADB7-0A7B530B88FA}.Debug|Any CPU.ActiveCfg = Debug|Any CPU
		{A79879A0-7892-416B-ADB7-0A7B530B88FA}.Debug|Any CPU.Build.0 = Debug|Any CPU
		{A79879A0-7892-416B-ADB7-0A7B530B88FA}.Release|Any CPU.ActiveCfg = Release|Any CPU
		{A79879A0-7892-416B-ADB7-0A7B530B88FA}.Release|Any CPU.Build.0 = Release|Any CPU
		{EB096AF4-3061-41C2-76B3-119DABD89FD8}.Debug|Any CPU.ActiveCfg = Debug|Any CPU
		{EB096AF4-3061-41C2-76B3-119DABD89FD8}.Debug|Any CPU.Build.0 = Debug|Any CPU
		{EB096AF4-3061-41C2-76B3-119DABD89FD8}.Release|Any CPU.ActiveCfg = Release|Any CPU
		{EB096AF4-3061-41C2-76B3-119DABD89FD8}.Release|Any CPU.Build.0 = Release|Any CPU
		{9EB57FEB-A3EF-4794-95AC-D7DDBC629638}.Debug|Any CPU.ActiveCfg = Debug|Any CPU
		{9EB57FEB-A3EF-4794-95AC-D7DDBC629638}.Debug|Any CPU.Build.0 = Debug|Any CPU
		{9EB57FEB-A3EF-4794-95AC-D7DDBC629638}.Release|Any CPU.ActiveCfg = Release|Any CPU
		{9EB57FEB-A3EF-4794-95AC-D7DDBC629638}.Release|Any CPU.Build.0 = Release|Any CPU
		{EFECA8DF-BA16-30A0-8B4B-C6EAEC16C933}.Debug|Any CPU.ActiveCfg = Debug|Any CPU
		{EFECA8DF-BA16-30A0-8B4B-C6EAEC16C933}.Debug|Any CPU.Build.0 = Debug|Any CPU
		{EFECA8DF-BA16-30A0-8B4B-C6EAEC16C933}.Release|Any CPU.ActiveCfg = Release|Any CPU
		{EFECA8DF-BA16-30A0-8B4B-C6EAEC16C933}.Release|Any CPU.Build.0 = Release|Any CPU
	EndGlobalSection
	GlobalSection(SolutionProperties) = preSolution
		HideSolutionNode = FALSE
	EndGlobalSection
	GlobalSection(NestedProjects) = preSolution
		{3FCC1BD1-D117-FD58-5C69-D6FE2CDE4F6E} = {B3A9988C-133C-4860-B916-49DA10922F6D}
		{EB096AF4-3061-41C2-76B3-119DABD89FD8} = {B3A9988C-133C-4860-B916-49DA10922F6D}
		{9EB57FEB-A3EF-4794-95AC-D7DDBC629638} = {B3A9988C-133C-4860-B916-49DA10922F6D}
	EndGlobalSection
	GlobalSection(ExtensibilityGlobals) = postSolution
		SolutionGuid = {AFD9E78C-6D1C-46C6-805A-5246AEDD1F51}
	EndGlobalSection
EndGlobal
